// !$*UTF8*$!
{
	archiveVersion = 1;
	classes = {
	};
	objectVersion = 48;
	objects = {

/* Begin PBXBuildFile section */
		ECC3595C1FC21EB000E152B7 /* AppDelegate.swift in Sources */ = {isa = PBXBuildFile; fileRef = ECC3595B1FC21EB000E152B7 /* AppDelegate.swift */; };
		ECC3595E1FC21EB000E152B7 /* ViewController.swift in Sources */ = {isa = PBXBuildFile; fileRef = ECC3595D1FC21EB000E152B7 /* ViewController.swift */; };
		ECC359611FC21EB000E152B7 /* Main.storyboard in Resources */ = {isa = PBXBuildFile; fileRef = ECC3595F1FC21EB000E152B7 /* Main.storyboard */; };
		ECC359631FC21EB000E152B7 /* Assets.xcassets in Resources */ = {isa = PBXBuildFile; fileRef = ECC359621FC21EB000E152B7 /* Assets.xcassets */; };
		ECC359661FC21EB000E152B7 /* LaunchScreen.storyboard in Resources */ = {isa = PBXBuildFile; fileRef = ECC359641FC21EB000E152B7 /* LaunchScreen.storyboard */; };
		ECC359711FC21EB000E152B7 /* LolChampionStatusTests.swift in Sources */ = {isa = PBXBuildFile; fileRef = ECC359701FC21EB000E152B7 /* LolChampionStatusTests.swift */; };
		ECC3597C1FC21EB000E152B7 /* LolChampionStatusUITests.swift in Sources */ = {isa = PBXBuildFile; fileRef = ECC3597B1FC21EB000E152B7 /* LolChampionStatusUITests.swift */; };
/* End PBXBuildFile section */

/* Begin PBXContainerItemProxy section */
		ECC3596D1FC21EB000E152B7 /* PBXContainerItemProxy */ = {
			isa = PBXContainerItemProxy;
			containerPortal = ECC359501FC21EAF00E152B7 /* Project object */;
			proxyType = 1;
			remoteGlobalIDString = ECC359571FC21EAF00E152B7;
			remoteInfo = LolChampionStatus;
		};
		ECC359781FC21EB000E152B7 /* PBXContainerItemProxy */ = {
			isa = PBXContainerItemProxy;
			containerPortal = ECC359501FC21EAF00E152B7 /* Project object */;
			proxyType = 1;
			remoteGlobalIDString = ECC359571FC21EAF00E152B7;
			remoteInfo = LolChampionStatus;
		};
/* End PBXContainerItemProxy section */

/* Begin PBXFileReference section */
		ECC359581FC21EAF00E152B7 /* LolChampionStatus.app */ = {isa = PBXFileReference; explicitFileType = wrapper.application; includeInIndex = 0; path = LolChampionStatus.app; sourceTree = BUILT_PRODUCTS_DIR; };
		ECC3595B1FC21EB000E152B7 /* AppDelegate.swift */ = {isa = PBXFileReference; lastKnownFileType = sourcecode.swift; path = AppDelegate.swift; sourceTree = "<group>"; };
		ECC3595D1FC21EB000E152B7 /* ViewController.swift */ = {isa = PBXFileReference; lastKnownFileType = sourcecode.swift; path = ViewController.swift; sourceTree = "<group>"; };
		ECC359601FC21EB000E152B7 /* Base */ = {isa = PBXFileReference; lastKnownFileType = file.storyboard; name = Base; path = Base.lproj/Main.storyboard; sourceTree = "<group>"; };
		ECC359621FC21EB000E152B7 /* Assets.xcassets */ = {isa = PBXFileReference; lastKnownFileType = folder.assetcatalog; path = Assets.xcassets; sourceTree = "<group>"; };
		ECC359651FC21EB000E152B7 /* Base */ = {isa = PBXFileReference; lastKnownFileType = file.storyboard; name = Base; path = Base.lproj/LaunchScreen.storyboard; sourceTree = "<group>"; };
		ECC359671FC21EB000E152B7 /* Info.plist */ = {isa = PBXFileReference; lastKnownFileType = text.plist.xml; path = Info.plist; sourceTree = "<group>"; };
		ECC3596C1FC21EB000E152B7 /* LolChampionStatusTests.xctest */ = {isa = PBXFileReference; explicitFileType = wrapper.cfbundle; includeInIndex = 0; path = LolChampionStatusTests.xctest; sourceTree = BUILT_PRODUCTS_DIR; };
		ECC359701FC21EB000E152B7 /* LolChampionStatusTests.swift */ = {isa = PBXFileReference; lastKnownFileType = sourcecode.swift; path = LolChampionStatusTests.swift; sourceTree = "<group>"; };
		ECC359721FC21EB000E152B7 /* Info.plist */ = {isa = PBXFileReference; lastKnownFileType = text.plist.xml; path = Info.plist; sourceTree = "<group>"; };
		ECC359771FC21EB000E152B7 /* LolChampionStatusUITests.xctest */ = {isa = PBXFileReference; explicitFileType = wrapper.cfbundle; includeInIndex = 0; path = LolChampionStatusUITests.xctest; sourceTree = BUILT_PRODUCTS_DIR; };
		ECC3597B1FC21EB000E152B7 /* LolChampionStatusUITests.swift */ = {isa = PBXFileReference; lastKnownFileType = sourcecode.swift; path = LolChampionStatusUITests.swift; sourceTree = "<group>"; };
		ECC3597D1FC21EB000E152B7 /* Info.plist */ = {isa = PBXFileReference; lastKnownFileType = text.plist.xml; path = Info.plist; sourceTree = "<group>"; };
/* End PBXFileReference section */

/* Begin PBXFrameworksBuildPhase section */
		ECC359551FC21EAF00E152B7 /* Frameworks */ = {
			isa = PBXFrameworksBuildPhase;
			buildActionMask = 2147483647;
			files = (
			);
			runOnlyForDeploymentPostprocessing = 0;
		};
		ECC359691FC21EB000E152B7 /* Frameworks */ = {
			isa = PBXFrameworksBuildPhase;
			buildActionMask = 2147483647;
			files = (
			);
			runOnlyForDeploymentPostprocessing = 0;
		};
		ECC359741FC21EB000E152B7 /* Frameworks */ = {
			isa = PBXFrameworksBuildPhase;
			buildActionMask = 2147483647;
			files = (
			);
			runOnlyForDeploymentPostprocessing = 0;
		};
/* End PBXFrameworksBuildPhase section */

/* Begin PBXGroup section */
		ECC3594F1FC21EAF00E152B7 = {
			isa = PBXGroup;
			children = (
				ECC3595A1FC21EAF00E152B7 /* LolChampionStatus */,
				ECC3596F1FC21EB000E152B7 /* LolChampionStatusTests */,
				ECC3597A1FC21EB000E152B7 /* LolChampionStatusUITests */,
				ECC359591FC21EAF00E152B7 /* Products */,
			);
			sourceTree = "<group>";
		};
		ECC359591FC21EAF00E152B7 /* Products */ = {
			isa = PBXGroup;
			children = (
				ECC359581FC21EAF00E152B7 /* LolChampionStatus.app */,
				ECC3596C1FC21EB000E152B7 /* LolChampionStatusTests.xctest */,
				ECC359771FC21EB000E152B7 /* LolChampionStatusUITests.xctest */,
			);
			name = Products;
			sourceTree = "<group>";
		};
		ECC3595A1FC21EAF00E152B7 /* LolChampionStatus */ = {
			isa = PBXGroup;
			children = (
				ECC3595B1FC21EB000E152B7 /* AppDelegate.swift */,
				ECC3595D1FC21EB000E152B7 /* ViewController.swift */,
				ECC3595F1FC21EB000E152B7 /* Main.storyboard */,
				ECC359621FC21EB000E152B7 /* Assets.xcassets */,
				ECC359641FC21EB000E152B7 /* LaunchScreen.storyboard */,
				ECC359671FC21EB000E152B7 /* Info.plist */,
			);
			path = LolChampionStatus;
			sourceTree = "<group>";
		};
		ECC3596F1FC21EB000E152B7 /* LolChampionStatusTests */ = {
			isa = PBXGroup;
			children = (
				ECC359701FC21EB000E152B7 /* LolChampionStatusTests.swift */,
				ECC359721FC21EB000E152B7 /* Info.plist */,
			);
			path = LolChampionStatusTests;
			sourceTree = "<group>";
		};
		ECC3597A1FC21EB000E152B7 /* LolChampionStatusUITests */ = {
			isa = PBXGroup;
			children = (
				ECC3597B1FC21EB000E152B7 /* LolChampionStatusUITests.swift */,
				ECC3597D1FC21EB000E152B7 /* Info.plist */,
			);
			path = LolChampionStatusUITests;
			sourceTree = "<group>";
		};
/* End PBXGroup section */

/* Begin PBXNativeTarget section */
		ECC359571FC21EAF00E152B7 /* LolChampionStatus */ = {
			isa = PBXNativeTarget;
			buildConfigurationList = ECC359801FC21EB000E152B7 /* Build configuration list for PBXNativeTarget "LolChampionStatus" */;
			buildPhases = (
				ECC359541FC21EAF00E152B7 /* Sources */,
				ECC359551FC21EAF00E152B7 /* Frameworks */,
				ECC359561FC21EAF00E152B7 /* Resources */,
			);
			buildRules = (
			);
			dependencies = (
			);
			name = LolChampionStatus;
			productName = LolChampionStatus;
			productReference = ECC359581FC21EAF00E152B7 /* LolChampionStatus.app */;
			productType = "com.apple.product-type.application";
		};
		ECC3596B1FC21EB000E152B7 /* LolChampionStatusTests */ = {
			isa = PBXNativeTarget;
			buildConfigurationList = ECC359831FC21EB000E152B7 /* Build configuration list for PBXNativeTarget "LolChampionStatusTests" */;
			buildPhases = (
				ECC359681FC21EB000E152B7 /* Sources */,
				ECC359691FC21EB000E152B7 /* Frameworks */,
				ECC3596A1FC21EB000E152B7 /* Resources */,
			);
			buildRules = (
			);
			dependencies = (
				ECC3596E1FC21EB000E152B7 /* PBXTargetDependency */,
			);
			name = LolChampionStatusTests;
			productName = LolChampionStatusTests;
			productReference = ECC3596C1FC21EB000E152B7 /* LolChampionStatusTests.xctest */;
			productType = "com.apple.product-type.bundle.unit-test";
		};
		ECC359761FC21EB000E152B7 /* LolChampionStatusUITests */ = {
			isa = PBXNativeTarget;
			buildConfigurationList = ECC359861FC21EB000E152B7 /* Build configuration list for PBXNativeTarget "LolChampionStatusUITests" */;
			buildPhases = (
				ECC359731FC21EB000E152B7 /* Sources */,
				ECC359741FC21EB000E152B7 /* Frameworks */,
				ECC359751FC21EB000E152B7 /* Resources */,
			);
			buildRules = (
			);
			dependencies = (
				ECC359791FC21EB000E152B7 /* PBXTargetDependency */,
			);
			name = LolChampionStatusUITests;
			productName = LolChampionStatusUITests;
			productReference = ECC359771FC21EB000E152B7 /* LolChampionStatusUITests.xctest */;
			productType = "com.apple.product-type.bundle.ui-testing";
		};
/* End PBXNativeTarget section */

/* Begin PBXProject section */
		ECC359501FC21EAF00E152B7 /* Project object */ = {
			isa = PBXProject;
			attributes = {
				LastSwiftUpdateCheck = 0910;
				LastUpgradeCheck = 0910;
				ORGANIZATIONNAME = "Lázaro Lima dos Santos";
				TargetAttributes = {
					ECC359571FC21EAF00E152B7 = {
						CreatedOnToolsVersion = 9.1;
						ProvisioningStyle = Automatic;
					};
					ECC3596B1FC21EB000E152B7 = {
						CreatedOnToolsVersion = 9.1;
						ProvisioningStyle = Automatic;
						TestTargetID = ECC359571FC21EAF00E152B7;
					};
					ECC359761FC21EB000E152B7 = {
						CreatedOnToolsVersion = 9.1;
						ProvisioningStyle = Automatic;
						TestTargetID = ECC359571FC21EAF00E152B7;
					};
				};
			};
			buildConfigurationList = ECC359531FC21EAF00E152B7 /* Build configuration list for PBXProject "LolChampionStatus" */;
			compatibilityVersion = "Xcode 8.0";
			developmentRegion = en;
			hasScannedForEncodings = 0;
			knownRegions = (
				en,
				Base,
			);
			mainGroup = ECC3594F1FC21EAF00E152B7;
			productRefGroup = ECC359591FC21EAF00E152B7 /* Products */;
			projectDirPath = "";
			projectRoot = "";
			targets = (
				ECC359571FC21EAF00E152B7 /* LolChampionStatus */,
				ECC3596B1FC21EB000E152B7 /* LolChampionStatusTests */,
				ECC359761FC21EB000E152B7 /* LolChampionStatusUITests */,
			);
		};
/* End PBXProject section */

/* Begin PBXResourcesBuildPhase section */
		ECC359561FC21EAF00E152B7 /* Resources */ = {
			isa = PBXResourcesBuildPhase;
			buildActionMask = 2147483647;
			files = (
				ECC359661FC21EB000E152B7 /* LaunchScreen.storyboard in Resources */,
				ECC359631FC21EB000E152B7 /* Assets.xcassets in Resources */,
				ECC359611FC21EB000E152B7 /* Main.storyboard in Resources */,
			);
			runOnlyForDeploymentPostprocessing = 0;
		};
		ECC3596A1FC21EB000E152B7 /* Resources */ = {
			isa = PBXResourcesBuildPhase;
			buildActionMask = 2147483647;
			files = (
			);
			runOnlyForDeploymentPostprocessing = 0;
		};
		ECC359751FC21EB000E152B7 /* Resources */ = {
			isa = PBXResourcesBuildPhase;
			buildActionMask = 2147483647;
			files = (
			);
			runOnlyForDeploymentPostprocessing = 0;
		};
/* End PBXResourcesBuildPhase section */

/* Begin PBXSourcesBuildPhase section */
		ECC359541FC21EAF00E152B7 /* Sources */ = {
			isa = PBXSourcesBuildPhase;
			buildActionMask = 2147483647;
			files = (
				ECC3595E1FC21EB000E152B7 /* ViewController.swift in Sources */,
				ECC3595C1FC21EB000E152B7 /* AppDelegate.swift in Sources */,
			);
			runOnlyForDeploymentPostprocessing = 0;
		};
		ECC359681FC21EB000E152B7 /* Sources */ = {
			isa = PBXSourcesBuildPhase;
			buildActionMask = 2147483647;
			files = (
				ECC359711FC21EB000E152B7 /* LolChampionStatusTests.swift in Sources */,
			);
			runOnlyForDeploymentPostprocessing = 0;
		};
		ECC359731FC21EB000E152B7 /* Sources */ = {
			isa = PBXSourcesBuildPhase;
			buildActionMask = 2147483647;
			files = (
				ECC3597C1FC21EB000E152B7 /* LolChampionStatusUITests.swift in Sources */,
			);
			runOnlyForDeploymentPostprocessing = 0;
		};
/* End PBXSourcesBuildPhase section */

/* Begin PBXTargetDependency section */
		ECC3596E1FC21EB000E152B7 /* PBXTargetDependency */ = {
			isa = PBXTargetDependency;
			target = ECC359571FC21EAF00E152B7 /* LolChampionStatus */;
			targetProxy = ECC3596D1FC21EB000E152B7 /* PBXContainerItemProxy */;
		};
		ECC359791FC21EB000E152B7 /* PBXTargetDependency */ = {
			isa = PBXTargetDependency;
			target = ECC359571FC21EAF00E152B7 /* LolChampionStatus */;
			targetProxy = ECC359781FC21EB000E152B7 /* PBXContainerItemProxy */;
		};
/* End PBXTargetDependency section */

/* Begin PBXVariantGroup section */
		ECC3595F1FC21EB000E152B7 /* Main.storyboard */ = {
			isa = PBXVariantGroup;
			children = (
				ECC359601FC21EB000E152B7 /* Base */,
			);
			name = Main.storyboard;
			sourceTree = "<group>";
		};
		ECC359641FC21EB000E152B7 /* LaunchScreen.storyboard */ = {
			isa = PBXVariantGroup;
			children = (
				ECC359651FC21EB000E152B7 /* Base */,
			);
			name = LaunchScreen.storyboard;
			sourceTree = "<group>";
		};
/* End PBXVariantGroup section */

/* Begin XCBuildConfiguration section */
		ECC3597E1FC21EB000E152B7 /* Debug */ = {
			isa = XCBuildConfiguration;
			buildSettings = {
				ALWAYS_SEARCH_USER_PATHS = NO;
				CLANG_ANALYZER_NONNULL = YES;
				CLANG_ANALYZER_NUMBER_OBJECT_CONVERSION = YES_AGGRESSIVE;
				CLANG_CXX_LANGUAGE_STANDARD = "gnu++14";
				CLANG_CXX_LIBRARY = "libc++";
				CLANG_ENABLE_MODULES = YES;
				CLANG_ENABLE_OBJC_ARC = YES;
				CLANG_WARN_BLOCK_CAPTURE_AUTORELEASING = YES;
				CLANG_WARN_BOOL_CONVERSION = YES;
				CLANG_WARN_COMMA = YES;
				CLANG_WARN_CONSTANT_CONVERSION = YES;
				CLANG_WARN_DIRECT_OBJC_ISA_USAGE = YES_ERROR;
				CLANG_WARN_DOCUMENTATION_COMMENTS = YES;
				CLANG_WARN_EMPTY_BODY = YES;
				CLANG_WARN_ENUM_CONVERSION = YES;
				CLANG_WARN_INFINITE_RECURSION = YES;
				CLANG_WARN_INT_CONVERSION = YES;
				CLANG_WARN_NON_LITERAL_NULL_CONVERSION = YES;
				CLANG_WARN_OBJC_LITERAL_CONVERSION = YES;
				CLANG_WARN_OBJC_ROOT_CLASS = YES_ERROR;
				CLANG_WARN_RANGE_LOOP_ANALYSIS = YES;
				CLANG_WARN_STRICT_PROTOTYPES = YES;
				CLANG_WARN_SUSPICIOUS_MOVE = YES;
				CLANG_WARN_UNGUARDED_AVAILABILITY = YES_AGGRESSIVE;
				CLANG_WARN_UNREACHABLE_CODE = YES;
				CLANG_WARN__DUPLICATE_METHOD_MATCH = YES;
				CODE_SIGN_IDENTITY = "iPhone Developer";
				COPY_PHASE_STRIP = NO;
				DEBUG_INFORMATION_FORMAT = dwarf;
				ENABLE_STRICT_OBJC_MSGSEND = YES;
				ENABLE_TESTABILITY = YES;
				GCC_C_LANGUAGE_STANDARD = gnu11;
				GCC_DYNAMIC_NO_PIC = NO;
				GCC_NO_COMMON_BLOCKS = YES;
				GCC_OPTIMIZATION_LEVEL = 0;
				GCC_PREPROCESSOR_DEFINITIONS = (
					"DEBUG=1",
					"$(inherited)",
				);
				GCC_WARN_64_TO_32_BIT_CONVERSION = YES;
				GCC_WARN_ABOUT_RETURN_TYPE = YES_ERROR;
				GCC_WARN_UNDECLARED_SELECTOR = YES;
				GCC_WARN_UNINITIALIZED_AUTOS = YES_AGGRESSIVE;
				GCC_WARN_UNUSED_FUNCTION = YES;
				GCC_WARN_UNUSED_VARIABLE = YES;
				IPHONEOS_DEPLOYMENT_TARGET = 11.1;
				MTL_ENABLE_DEBUG_INFO = YES;
				ONLY_ACTIVE_ARCH = YES;
				SDKROOT = iphoneos;
				SWIFT_ACTIVE_COMPILATION_CONDITIONS = DEBUG;
				SWIFT_OPTIMIZATION_LEVEL = "-Onone";
			};
			name = Debug;
		};
		ECC3597F1FC21EB000E152B7 /* Release */ = {
			isa = XCBuildConfiguration;
			buildSettings = {
				ALWAYS_SEARCH_USER_PATHS = NO;
				CLANG_ANALYZER_NONNULL = YES;
				CLANG_ANALYZER_NUMBER_OBJECT_CONVERSION = YES_AGGRESSIVE;
				CLANG_CXX_LANGUAGE_STANDARD = "gnu++14";
				CLANG_CXX_LIBRARY = "libc++";
				CLANG_ENABLE_MODULES = YES;
				CLANG_ENABLE_OBJC_ARC = YES;
				CLANG_WARN_BLOCK_CAPTURE_AUTORELEASING = YES;
				CLANG_WARN_BOOL_CONVERSION = YES;
				CLANG_WARN_COMMA = YES;
				CLANG_WARN_CONSTANT_CONVERSION = YES;
				CLANG_WARN_DIRECT_OBJC_ISA_USAGE = YES_ERROR;
				CLANG_WARN_DOCUMENTATION_COMMENTS = YES;
				CLANG_WARN_EMPTY_BODY = YES;
				CLANG_WARN_ENUM_CONVERSION = YES;
				CLANG_WARN_INFINITE_RECURSION = YES;
				CLANG_WARN_INT_CONVERSION = YES;
				CLANG_WARN_NON_LITERAL_NULL_CONVERSION = YES;
				CLANG_WARN_OBJC_LITERAL_CONVERSION = YES;
				CLANG_WARN_OBJC_ROOT_CLASS = YES_ERROR;
				CLANG_WARN_RANGE_LOOP_ANALYSIS = YES;
				CLANG_WARN_STRICT_PROTOTYPES = YES;
				CLANG_WARN_SUSPICIOUS_MOVE = YES;
				CLANG_WARN_UNGUARDED_AVAILABILITY = YES_AGGRESSIVE;
				CLANG_WARN_UNREACHABLE_CODE = YES;
				CLANG_WARN__DUPLICATE_METHOD_MATCH = YES;
				CODE_SIGN_IDENTITY = "iPhone Developer";
				COPY_PHASE_STRIP = NO;
				DEBUG_INFORMATION_FORMAT = "dwarf-with-dsym";
				ENABLE_NS_ASSERTIONS = NO;
				ENABLE_STRICT_OBJC_MSGSEND = YES;
				GCC_C_LANGUAGE_STANDARD = gnu11;
				GCC_NO_COMMON_BLOCKS = YES;
				GCC_WARN_64_TO_32_BIT_CONVERSION = YES;
				GCC_WARN_ABOUT_RETURN_TYPE = YES_ERROR;
				GCC_WARN_UNDECLARED_SELECTOR = YES;
				GCC_WARN_UNINITIALIZED_AUTOS = YES_AGGRESSIVE;
				GCC_WARN_UNUSED_FUNCTION = YES;
				GCC_WARN_UNUSED_VARIABLE = YES;
				IPHONEOS_DEPLOYMENT_TARGET = 11.1;
				MTL_ENABLE_DEBUG_INFO = NO;
				SDKROOT = iphoneos;
				SWIFT_OPTIMIZATION_LEVEL = "-Owholemodule";
				VALIDATE_PRODUCT = YES;
			};
			name = Release;
		};
		ECC359811FC21EB000E152B7 /* Debug */ = {
			isa = XCBuildConfiguration;
			buildSettings = {
				ASSETCATALOG_COMPILER_APPICON_NAME = AppIcon;
				CODE_SIGN_STYLE = Automatic;
				INFOPLIST_FILE = LolChampionStatus/Info.plist;
				LD_RUNPATH_SEARCH_PATHS = "$(inherited) @executable_path/Frameworks";
				PRODUCT_BUNDLE_IDENTIFIER = com.LolChampionStatus;
				PRODUCT_NAME = "$(TARGET_NAME)";
				SWIFT_VERSION = 4.0;
				TARGETED_DEVICE_FAMILY = "1,2";
			};
			name = Debug;
		};
		ECC359821FC21EB000E152B7 /* Release */ = {
			isa = XCBuildConfiguration;
			buildSettings = {
				ASSETCATALOG_COMPILER_APPICON_NAME = AppIcon;
				CODE_SIGN_STYLE = Automatic;
				INFOPLIST_FILE = LolChampionStatus/Info.plist;
				LD_RUNPATH_SEARCH_PATHS = "$(inherited) @executable_path/Frameworks";
				PRODUCT_BUNDLE_IDENTIFIER = com.LolChampionStatus;
				PRODUCT_NAME = "$(TARGET_NAME)";
				SWIFT_VERSION = 4.0;
				TARGETED_DEVICE_FAMILY = "1,2";
			};
			name = Release;
		};
		ECC359841FC21EB000E152B7 /* Debug */ = {
			isa = XCBuildConfiguration;
			buildSettings = {
				ALWAYS_EMBED_SWIFT_STANDARD_LIBRARIES = YES;
				BUNDLE_LOADER = "$(TEST_HOST)";
				CODE_SIGN_STYLE = Automatic;
				INFOPLIST_FILE = LolChampionStatusTests/Info.plist;
				LD_RUNPATH_SEARCH_PATHS = "$(inherited) @executable_path/Frameworks @loader_path/Frameworks";
				PRODUCT_BUNDLE_IDENTIFIER = com.LolChampionStatusTests;
				PRODUCT_NAME = "$(TARGET_NAME)";
				SWIFT_VERSION = 4.0;
				TARGETED_DEVICE_FAMILY = "1,2";
				TEST_HOST = "$(BUILT_PRODUCTS_DIR)/LolChampionStatus.app/LolChampionStatus";
			};
			name = Debug;
		};
		ECC359851FC21EB000E152B7 /* Release */ = {
			isa = XCBuildConfiguration;
			buildSettings = {
				ALWAYS_EMBED_SWIFT_STANDARD_LIBRARIES = YES;
				BUNDLE_LOADER = "$(TEST_HOST)";
				CODE_SIGN_STYLE = Automatic;
				INFOPLIST_FILE = LolChampionStatusTests/Info.plist;
				LD_RUNPATH_SEARCH_PATHS = "$(inherited) @executable_path/Frameworks @loader_path/Frameworks";
				PRODUCT_BUNDLE_IDENTIFIER = com.LolChampionStatusTests;
				PRODUCT_NAME = "$(TARGET_NAME)";
				SWIFT_VERSION = 4.0;
				TARGETED_DEVICE_FAMILY = "1,2";
				TEST_HOST = "$(BUILT_PRODUCTS_DIR)/LolChampionStatus.app/LolChampionStatus";
			};
			name = Release;
		};
		ECC359871FC21EB000E152B7 /* Debug */ = {
			isa = XCBuildConfiguration;
			buildSettings = {
				ALWAYS_EMBED_SWIFT_STANDARD_LIBRARIES = YES;
				CODE_SIGN_STYLE = Automatic;
				INFOPLIST_FILE = LolChampionStatusUITests/Info.plist;
				LD_RUNPATH_SEARCH_PATHS = "$(inherited) @executable_path/Frameworks @loader_path/Frameworks";
				PRODUCT_BUNDLE_IDENTIFIER = com.LolChampionStatusUITests;
				PRODUCT_NAME = "$(TARGET_NAME)";
				SWIFT_VERSION = 4.0;
				TARGETED_DEVICE_FAMILY = "1,2";
				TEST_TARGET_NAME = LolChampionStatus;
			};
			name = Debug;
		};
		ECC359881FC21EB000E152B7 /* Release */ = {
			isa = XCBuildConfiguration;
			buildSettings = {
				ALWAYS_EMBED_SWIFT_STANDARD_LIBRARIES = YES;
				CODE_SIGN_STYLE = Automatic;
				INFOPLIST_FILE = LolChampionStatusUITests/Info.plist;
				LD_RUNPATH_SEARCH_PATHS = "$(inherited) @executable_path/Frameworks @loader_path/Frameworks";
				PRODUCT_BUNDLE_IDENTIFIER = com.LolChampionStatusUITests;
				PRODUCT_NAME = "$(TARGET_NAME)";
				SWIFT_VERSION = 4.0;
				TARGETED_DEVICE_FAMILY = "1,2";
				TEST_TARGET_NAME = LolChampionStatus;
			};
			name = Release;
		};
/* End XCBuildConfiguration section */

/* Begin XCConfigurationList section */
		ECC359531FC21EAF00E152B7 /* Build configuration list for PBXProject "LolChampionStatus" */ = {
			isa = XCConfigurationList;
			buildConfigurations = (
				ECC3597E1FC21EB000E152B7 /* Debug */,
				ECC3597F1FC21EB000E152B7 /* Release */,
			);
			defaultConfigurationIsVisible = 0;
			defaultConfigurationName = Release;
		};
		ECC359801FC21EB000E152B7 /* Build configuration list for PBXNativeTarget "LolChampionStatus" */ = {
			isa = XCConfigurationList;
			buildConfigurations = (
				ECC359811FC21EB000E152B7 /* Debug */,
				ECC359821FC21EB000E152B7 /* Release */,
			);
			defaultConfigurationIsVisible = 0;
			defaultConfigurationName = Release;
		};
		ECC359831FC21EB000E152B7 /* Build configuration list for PBXNativeTarget "LolChampionStatusTests" */ = {
			isa = XCConfigurationList;
			buildConfigurations = (
				ECC359841FC21EB000E152B7 /* Debug */,
				ECC359851FC21EB000E152B7 /* Release */,
			);
			defaultConfigurationIsVisible = 0;
			defaultConfigurationName = Release;
		};
		ECC359861FC21EB000E152B7 /* Build configuration list for PBXNativeTarget "LolChampionStatusUITests" */ = {
			isa = XCConfigurationList;
			buildConfigurations = (
				ECC359871FC21EB000E152B7 /* Debug */,
				ECC359881FC21EB000E152B7 /* Release */,
			);
			defaultConfigurationIsVisible = 0;
			defaultConfigurationName = Release;
		};
/* End XCConfigurationList section */
	};
	rootObject = ECC359501FC21EAF00E152B7 /* Project object */;
}
